
Microsoft Visual Studio Solution File, Format Version 12.00
# Visual Studio Version 17
VisualStudioVersion = 17.5.002.0
MinimumVisualStudioVersion = 10.0.40219.1
Project("{9A19103F-16F7-4668-BE54-9A1E7A4F7556}") = "Habit track", "Habit track.csproj", "{C2E7EBF4-8595-484C-A9B6-93E3493B5778}"
EndProject
Global
	GlobalSection(SolutionConfigurationPlatforms) = preSolution
		Debug|Any CPU = Debug|Any CPU
		Release|Any CPU = Release|Any CPU
	EndGlobalSection
	GlobalSection(ProjectConfigurationPlatforms) = postSolution
		{C2E7EBF4-8595-484C-A9B6-93E3493B5778}.Debug|Any CPU.ActiveCfg = Debug|Any CPU
		{C2E7EBF4-8595-484C-A9B6-93E3493B5778}.Debug|Any CPU.Build.0 = Debug|Any CPU
		{C2E7EBF4-8595-484C-A9B6-93E3493B5778}.Release|Any CPU.ActiveCfg = Release|Any CPU
		{C2E7EBF4-8595-484C-A9B6-93E3493B5778}.Release|Any CPU.Build.0 = Release|Any CPU
	EndGlobalSection
	GlobalSection(SolutionProperties) = preSolution
		HideSolutionNode = FALSE
	EndGlobalSection
	GlobalSection(ExtensibilityGlobals) = postSolution
		SolutionGuid = {2FB40065-9BF6-4FB1-9291-F5E176D5EBD0}
	EndGlobalSection
EndGlobal
